// !$*UTF8*$!
{
	archiveVersion = 1;
	classes = {
	};
	objectVersion = 46;
	objects = {

/* Begin PBXBuildFile section */
		7FD7ED5B18E77ECD00ABD8FA /* MRBlurView.m in Sources */ = {isa = PBXBuildFile; fileRef = 7FD7ED4318E77ECD00ABD8FA /* MRBlurView.m */; };
		7FD7ED5C18E77ECD00ABD8FA /* UIImage+MRImageEffects.m in Sources */ = {isa = PBXBuildFile; fileRef = 7FD7ED4518E77ECD00ABD8FA /* UIImage+MRImageEffects.m */; };
		7FD7ED5D18E77ECD00ABD8FA /* MRActivityIndicatorView.m in Sources */ = {isa = PBXBuildFile; fileRef = 7FD7ED4818E77ECD00ABD8FA /* MRActivityIndicatorView.m */; };
		7FD7ED5E18E77ECD00ABD8FA /* MRCircularProgressView.m in Sources */ = {isa = PBXBuildFile; fileRef = 7FD7ED4A18E77ECD00ABD8FA /* MRCircularProgressView.m */; };
		7FD7ED5F18E77ECD00ABD8FA /* MRIconView.m in Sources */ = {isa = PBXBuildFile; fileRef = 7FD7ED4C18E77ECD00ABD8FA /* MRIconView.m */; };
		7FD7ED6018E77ECD00ABD8FA /* MRNavigationBarProgressView.m in Sources */ = {isa = PBXBuildFile; fileRef = 7FD7ED4E18E77ECD00ABD8FA /* MRNavigationBarProgressView.m */; };
		7FD7ED6118E77ECD00ABD8FA /* MRProgressOverlayView.m in Sources */ = {isa = PBXBuildFile; fileRef = 7FD7ED5018E77ECD00ABD8FA /* MRProgressOverlayView.m */; };
		7FD7ED6218E77ECD00ABD8FA /* MRStopButton.m in Sources */ = {isa = PBXBuildFile; fileRef = 7FD7ED5318E77ECD00ABD8FA /* MRStopButton.m */; };
		7FD7ED6318E77ECD00ABD8FA /* MRMessageInterceptor.m in Sources */ = {isa = PBXBuildFile; fileRef = 7FD7ED5718E77ECD00ABD8FA /* MRMessageInterceptor.m */; };
		7FD7ED6418E77ECD00ABD8FA /* MRWeakProxy.m in Sources */ = {isa = PBXBuildFile; fileRef = 7FD7ED5A18E77ECD00ABD8FA /* MRWeakProxy.m */; };
		7FD7ED6918E786B700ABD8FA /* NSObject+PerformDelay.m in Sources */ = {isa = PBXBuildFile; fileRef = 7FD7ED6818E786B700ABD8FA /* NSObject+PerformDelay.m */; };
		7FD7ED6B18E7AC9400ABD8FA /* Security.framework in Frameworks */ = {isa = PBXBuildFile; fileRef = 7FD7ED6A18E7AC9400ABD8FA /* Security.framework */; };
		7FD7ED7418E7CCE400ABD8FA /* JNKeychain.m in Sources */ = {isa = PBXBuildFile; fileRef = 7FD7ED7318E7CCE400ABD8FA /* JNKeychain.m */; };
		7FD7ED7A18E8F5DC00ABD8FA /* FeederTableViewController.m in Sources */ = {isa = PBXBuildFile; fileRef = 7FD7ED7918E8F5DC00ABD8FA /* FeederTableViewController.m */; };
		7FDB572118E6480E00C8ECD8 /* Foundation.framework in Frameworks */ = {isa = PBXBuildFile; fileRef = 7FDB572018E6480E00C8ECD8 /* Foundation.framework */; };
		7FDB572318E6480E00C8ECD8 /* CoreGraphics.framework in Frameworks */ = {isa = PBXBuildFile; fileRef = 7FDB572218E6480E00C8ECD8 /* CoreGraphics.framework */; };
		7FDB572518E6480E00C8ECD8 /* UIKit.framework in Frameworks */ = {isa = PBXBuildFile; fileRef = 7FDB572418E6480E00C8ECD8 /* UIKit.framework */; };
		7FDB572B18E6480E00C8ECD8 /* InfoPlist.strings in Resources */ = {isa = PBXBuildFile; fileRef = 7FDB572918E6480E00C8ECD8 /* InfoPlist.strings */; };
		7FDB572D18E6480E00C8ECD8 /* main.m in Sources */ = {isa = PBXBuildFile; fileRef = 7FDB572C18E6480E00C8ECD8 /* main.m */; };
		7FDB573118E6480E00C8ECD8 /* MARAppDelegate.m in Sources */ = {isa = PBXBuildFile; fileRef = 7FDB573018E6480E00C8ECD8 /* MARAppDelegate.m */; };
		7FDB573418E6480E00C8ECD8 /* Main.storyboard in Resources */ = {isa = PBXBuildFile; fileRef = 7FDB573218E6480E00C8ECD8 /* Main.storyboard */; };
		7FDB573718E6480E00C8ECD8 /* MARViewController.m in Sources */ = {isa = PBXBuildFile; fileRef = 7FDB573618E6480E00C8ECD8 /* MARViewController.m */; };
		7FDB573918E6480E00C8ECD8 /* Images.xcassets in Resources */ = {isa = PBXBuildFile; fileRef = 7FDB573818E6480E00C8ECD8 /* Images.xcassets */; };
		7FDB574018E6480E00C8ECD8 /* XCTest.framework in Frameworks */ = {isa = PBXBuildFile; fileRef = 7FDB573F18E6480E00C8ECD8 /* XCTest.framework */; };
		7FDB574118E6480E00C8ECD8 /* Foundation.framework in Frameworks */ = {isa = PBXBuildFile; fileRef = 7FDB572018E6480E00C8ECD8 /* Foundation.framework */; };
		7FDB574218E6480E00C8ECD8 /* UIKit.framework in Frameworks */ = {isa = PBXBuildFile; fileRef = 7FDB572418E6480E00C8ECD8 /* UIKit.framework */; };
		7FDB574A18E6480E00C8ECD8 /* InfoPlist.strings in Resources */ = {isa = PBXBuildFile; fileRef = 7FDB574818E6480E00C8ECD8 /* InfoPlist.strings */; };
		7FDB574C18E6480E00C8ECD8 /* iosUdemyFeederTests.m in Sources */ = {isa = PBXBuildFile; fileRef = 7FDB574B18E6480E00C8ECD8 /* iosUdemyFeederTests.m */; };
/* End PBXBuildFile section */

/* Begin PBXContainerItemProxy section */
		7FDB574318E6480E00C8ECD8 /* PBXContainerItemProxy */ = {
			isa = PBXContainerItemProxy;
			containerPortal = 7FDB571518E6480E00C8ECD8 /* Project object */;
			proxyType = 1;
			remoteGlobalIDString = 7FDB571C18E6480E00C8ECD8;
			remoteInfo = iosUdemyFeeder;
		};
/* End PBXContainerItemProxy section */

/* Begin PBXFileReference section */
		7FD7ED4218E77ECD00ABD8FA /* MRBlurView.h */ = {isa = PBXFileReference; fileEncoding = 4; lastKnownFileType = sourcecode.c.h; path = MRBlurView.h; sourceTree = "<group>"; };
		7FD7ED4318E77ECD00ABD8FA /* MRBlurView.m */ = {isa = PBXFileReference; fileEncoding = 4; lastKnownFileType = sourcecode.c.objc; path = MRBlurView.m; sourceTree = "<group>"; };
		7FD7ED4418E77ECD00ABD8FA /* UIImage+MRImageEffects.h */ = {isa = PBXFileReference; fileEncoding = 4; lastKnownFileType = sourcecode.c.h; path = "UIImage+MRImageEffects.h"; sourceTree = "<group>"; };
		7FD7ED4518E77ECD00ABD8FA /* UIImage+MRImageEffects.m */ = {isa = PBXFileReference; fileEncoding = 4; lastKnownFileType = sourcecode.c.objc; path = "UIImage+MRImageEffects.m"; sourceTree = "<group>"; };
		7FD7ED4718E77ECD00ABD8FA /* MRActivityIndicatorView.h */ = {isa = PBXFileReference; fileEncoding = 4; lastKnownFileType = sourcecode.c.h; path = MRActivityIndicatorView.h; sourceTree = "<group>"; };
		7FD7ED4818E77ECD00ABD8FA /* MRActivityIndicatorView.m */ = {isa = PBXFileReference; fileEncoding = 4; lastKnownFileType = sourcecode.c.objc; path = MRActivityIndicatorView.m; sourceTree = "<group>"; };
		7FD7ED4918E77ECD00ABD8FA /* MRCircularProgressView.h */ = {isa = PBXFileReference; fileEncoding = 4; lastKnownFileType = sourcecode.c.h; path = MRCircularProgressView.h; sourceTree = "<group>"; };
		7FD7ED4A18E77ECD00ABD8FA /* MRCircularProgressView.m */ = {isa = PBXFileReference; fileEncoding = 4; lastKnownFileType = sourcecode.c.objc; path = MRCircularProgressView.m; sourceTree = "<group>"; };
		7FD7ED4B18E77ECD00ABD8FA /* MRIconView.h */ = {isa = PBXFileReference; fileEncoding = 4; lastKnownFileType = sourcecode.c.h; path = MRIconView.h; sourceTree = "<group>"; };
		7FD7ED4C18E77ECD00ABD8FA /* MRIconView.m */ = {isa = PBXFileReference; fileEncoding = 4; lastKnownFileType = sourcecode.c.objc; path = MRIconView.m; sourceTree = "<group>"; };
		7FD7ED4D18E77ECD00ABD8FA /* MRNavigationBarProgressView.h */ = {isa = PBXFileReference; fileEncoding = 4; lastKnownFileType = sourcecode.c.h; path = MRNavigationBarProgressView.h; sourceTree = "<group>"; };
		7FD7ED4E18E77ECD00ABD8FA /* MRNavigationBarProgressView.m */ = {isa = PBXFileReference; fileEncoding = 4; lastKnownFileType = sourcecode.c.objc; path = MRNavigationBarProgressView.m; sourceTree = "<group>"; };
		7FD7ED4F18E77ECD00ABD8FA /* MRProgressOverlayView.h */ = {isa = PBXFileReference; fileEncoding = 4; lastKnownFileType = sourcecode.c.h; path = MRProgressOverlayView.h; sourceTree = "<group>"; };
		7FD7ED5018E77ECD00ABD8FA /* MRProgressOverlayView.m */ = {isa = PBXFileReference; fileEncoding = 4; lastKnownFileType = sourcecode.c.objc; path = MRProgressOverlayView.m; sourceTree = "<group>"; };
		7FD7ED5118E77ECD00ABD8FA /* MRStopableView.h */ = {isa = PBXFileReference; fileEncoding = 4; lastKnownFileType = sourcecode.c.h; path = MRStopableView.h; sourceTree = "<group>"; };
		7FD7ED5218E77ECD00ABD8FA /* MRStopButton.h */ = {isa = PBXFileReference; fileEncoding = 4; lastKnownFileType = sourcecode.c.h; path = MRStopButton.h; sourceTree = "<group>"; };
		7FD7ED5318E77ECD00ABD8FA /* MRStopButton.m */ = {isa = PBXFileReference; fileEncoding = 4; lastKnownFileType = sourcecode.c.objc; path = MRStopButton.m; sourceTree = "<group>"; };
		7FD7ED5418E77ECD00ABD8FA /* MRProgress.h */ = {isa = PBXFileReference; fileEncoding = 4; lastKnownFileType = sourcecode.c.h; path = MRProgress.h; sourceTree = "<group>"; };
		7FD7ED5618E77ECD00ABD8FA /* MRMessageInterceptor.h */ = {isa = PBXFileReference; fileEncoding = 4; lastKnownFileType = sourcecode.c.h; path = MRMessageInterceptor.h; sourceTree = "<group>"; };
		7FD7ED5718E77ECD00ABD8FA /* MRMessageInterceptor.m */ = {isa = PBXFileReference; fileEncoding = 4; lastKnownFileType = sourcecode.c.objc; path = MRMessageInterceptor.m; sourceTree = "<group>"; };
		7FD7ED5818E77ECD00ABD8FA /* MRProgressHelper.h */ = {isa = PBXFileReference; fileEncoding = 4; lastKnownFileType = sourcecode.c.h; path = MRProgressHelper.h; sourceTree = "<group>"; };
		7FD7ED5918E77ECD00ABD8FA /* MRWeakProxy.h */ = {isa = PBXFileReference; fileEncoding = 4; lastKnownFileType = sourcecode.c.h; path = MRWeakProxy.h; sourceTree = "<group>"; };
		7FD7ED5A18E77ECD00ABD8FA /* MRWeakProxy.m */ = {isa = PBXFileReference; fileEncoding = 4; lastKnownFileType = sourcecode.c.objc; path = MRWeakProxy.m; sourceTree = "<group>"; };
		7FD7ED6718E786B700ABD8FA /* NSObject+PerformDelay.h */ = {isa = PBXFileReference; fileEncoding = 4; lastKnownFileType = sourcecode.c.h; path = "NSObject+PerformDelay.h"; sourceTree = "<group>"; };
		7FD7ED6818E786B700ABD8FA /* NSObject+PerformDelay.m */ = {isa = PBXFileReference; fileEncoding = 4; lastKnownFileType = sourcecode.c.objc; path = "NSObject+PerformDelay.m"; sourceTree = "<group>"; };
		7FD7ED6A18E7AC9400ABD8FA /* Security.framework */ = {isa = PBXFileReference; lastKnownFileType = wrapper.framework; name = Security.framework; path = System/Library/Frameworks/Security.framework; sourceTree = SDKROOT; };
		7FD7ED7218E7CCE400ABD8FA /* JNKeychain.h */ = {isa = PBXFileReference; fileEncoding = 4; lastKnownFileType = sourcecode.c.h; path = JNKeychain.h; sourceTree = "<group>"; };
		7FD7ED7318E7CCE400ABD8FA /* JNKeychain.m */ = {isa = PBXFileReference; fileEncoding = 4; lastKnownFileType = sourcecode.c.objc; path = JNKeychain.m; sourceTree = "<group>"; };
		7FD7ED7818E8F5DC00ABD8FA /* FeederTableViewController.h */ = {isa = PBXFileReference; fileEncoding = 4; lastKnownFileType = sourcecode.c.h; path = FeederTableViewController.h; sourceTree = "<group>"; };
		7FD7ED7918E8F5DC00ABD8FA /* FeederTableViewController.m */ = {isa = PBXFileReference; fileEncoding = 4; lastKnownFileType = sourcecode.c.objc; path = FeederTableViewController.m; sourceTree = "<group>"; };
		7FDB571D18E6480E00C8ECD8 /* iosUdemyFeeder.app */ = {isa = PBXFileReference; explicitFileType = wrapper.application; includeInIndex = 0; path = iosUdemyFeeder.app; sourceTree = BUILT_PRODUCTS_DIR; };
		7FDB572018E6480E00C8ECD8 /* Foundation.framework */ = {isa = PBXFileReference; lastKnownFileType = wrapper.framework; name = Foundation.framework; path = System/Library/Frameworks/Foundation.framework; sourceTree = SDKROOT; };
		7FDB572218E6480E00C8ECD8 /* CoreGraphics.framework */ = {isa = PBXFileReference; lastKnownFileType = wrapper.framework; name = CoreGraphics.framework; path = System/Library/Frameworks/CoreGraphics.framework; sourceTree = SDKROOT; };
		7FDB572418E6480E00C8ECD8 /* UIKit.framework */ = {isa = PBXFileReference; lastKnownFileType = wrapper.framework; name = UIKit.framework; path = System/Library/Frameworks/UIKit.framework; sourceTree = SDKROOT; };
		7FDB572818E6480E00C8ECD8 /* iosUdemyFeeder-Info.plist */ = {isa = PBXFileReference; lastKnownFileType = text.plist.xml; path = "iosUdemyFeeder-Info.plist"; sourceTree = "<group>"; };
		7FDB572A18E6480E00C8ECD8 /* en */ = {isa = PBXFileReference; lastKnownFileType = text.plist.strings; name = en; path = en.lproj/InfoPlist.strings; sourceTree = "<group>"; };
		7FDB572C18E6480E00C8ECD8 /* main.m */ = {isa = PBXFileReference; lastKnownFileType = sourcecode.c.objc; path = main.m; sourceTree = "<group>"; };
		7FDB572E18E6480E00C8ECD8 /* iosUdemyFeeder-Prefix.pch */ = {isa = PBXFileReference; lastKnownFileType = sourcecode.c.h; path = "iosUdemyFeeder-Prefix.pch"; sourceTree = "<group>"; };
		7FDB572F18E6480E00C8ECD8 /* MARAppDelegate.h */ = {isa = PBXFileReference; lastKnownFileType = sourcecode.c.h; path = MARAppDelegate.h; sourceTree = "<group>"; };
		7FDB573018E6480E00C8ECD8 /* MARAppDelegate.m */ = {isa = PBXFileReference; lastKnownFileType = sourcecode.c.objc; path = MARAppDelegate.m; sourceTree = "<group>"; };
		7FDB573318E6480E00C8ECD8 /* Base */ = {isa = PBXFileReference; lastKnownFileType = file.storyboard; name = Base; path = Base.lproj/Main.storyboard; sourceTree = "<group>"; };
		7FDB573518E6480E00C8ECD8 /* MARViewController.h */ = {isa = PBXFileReference; lastKnownFileType = sourcecode.c.h; path = MARViewController.h; sourceTree = "<group>"; };
		7FDB573618E6480E00C8ECD8 /* MARViewController.m */ = {isa = PBXFileReference; lastKnownFileType = sourcecode.c.objc; path = MARViewController.m; sourceTree = "<group>"; };
		7FDB573818E6480E00C8ECD8 /* Images.xcassets */ = {isa = PBXFileReference; lastKnownFileType = folder.assetcatalog; path = Images.xcassets; sourceTree = "<group>"; };
		7FDB573E18E6480E00C8ECD8 /* iosUdemyFeederTests.xctest */ = {isa = PBXFileReference; explicitFileType = wrapper.cfbundle; includeInIndex = 0; path = iosUdemyFeederTests.xctest; sourceTree = BUILT_PRODUCTS_DIR; };
		7FDB573F18E6480E00C8ECD8 /* XCTest.framework */ = {isa = PBXFileReference; lastKnownFileType = wrapper.framework; name = XCTest.framework; path = Library/Frameworks/XCTest.framework; sourceTree = DEVELOPER_DIR; };
		7FDB574718E6480E00C8ECD8 /* iosUdemyFeederTests-Info.plist */ = {isa = PBXFileReference; lastKnownFileType = text.plist.xml; path = "iosUdemyFeederTests-Info.plist"; sourceTree = "<group>"; };
		7FDB574918E6480E00C8ECD8 /* en */ = {isa = PBXFileReference; lastKnownFileType = text.plist.strings; name = en; path = en.lproj/InfoPlist.strings; sourceTree = "<group>"; };
		7FDB574B18E6480E00C8ECD8 /* iosUdemyFeederTests.m */ = {isa = PBXFileReference; lastKnownFileType = sourcecode.c.objc; path = iosUdemyFeederTests.m; sourceTree = "<group>"; };
/* End PBXFileReference section */

/* Begin PBXFrameworksBuildPhase section */
		7FDB571A18E6480E00C8ECD8 /* Frameworks */ = {
			isa = PBXFrameworksBuildPhase;
			buildActionMask = 2147483647;
			files = (
				7FD7ED6B18E7AC9400ABD8FA /* Security.framework in Frameworks */,
				7FDB572318E6480E00C8ECD8 /* CoreGraphics.framework in Frameworks */,
				7FDB572518E6480E00C8ECD8 /* UIKit.framework in Frameworks */,
				7FDB572118E6480E00C8ECD8 /* Foundation.framework in Frameworks */,
			);
			runOnlyForDeploymentPostprocessing = 0;
		};
		7FDB573B18E6480E00C8ECD8 /* Frameworks */ = {
			isa = PBXFrameworksBuildPhase;
			buildActionMask = 2147483647;
			files = (
				7FDB574018E6480E00C8ECD8 /* XCTest.framework in Frameworks */,
				7FDB574218E6480E00C8ECD8 /* UIKit.framework in Frameworks */,
				7FDB574118E6480E00C8ECD8 /* Foundation.framework in Frameworks */,
			);
			runOnlyForDeploymentPostprocessing = 0;
		};
/* End PBXFrameworksBuildPhase section */

/* Begin PBXGroup section */
		7FD7ED4018E77ECD00ABD8FA /* Progress */ = {
			isa = PBXGroup;
			children = (
				7FD7ED4118E77ECD00ABD8FA /* Blur */,
				7FD7ED4618E77ECD00ABD8FA /* Components */,
				7FD7ED5418E77ECD00ABD8FA /* MRProgress.h */,
				7FD7ED5518E77ECD00ABD8FA /* Utils */,
			);
			name = Progress;
			path = src;
			sourceTree = "<group>";
		};
		7FD7ED4118E77ECD00ABD8FA /* Blur */ = {
			isa = PBXGroup;
			children = (
				7FD7ED4218E77ECD00ABD8FA /* MRBlurView.h */,
				7FD7ED4318E77ECD00ABD8FA /* MRBlurView.m */,
				7FD7ED4418E77ECD00ABD8FA /* UIImage+MRImageEffects.h */,
				7FD7ED4518E77ECD00ABD8FA /* UIImage+MRImageEffects.m */,
			);
			path = Blur;
			sourceTree = "<group>";
		};
		7FD7ED4618E77ECD00ABD8FA /* Components */ = {
			isa = PBXGroup;
			children = (
				7FD7ED4718E77ECD00ABD8FA /* MRActivityIndicatorView.h */,
				7FD7ED4818E77ECD00ABD8FA /* MRActivityIndicatorView.m */,
				7FD7ED4918E77ECD00ABD8FA /* MRCircularProgressView.h */,
				7FD7ED4A18E77ECD00ABD8FA /* MRCircularProgressView.m */,
				7FD7ED4B18E77ECD00ABD8FA /* MRIconView.h */,
				7FD7ED4C18E77ECD00ABD8FA /* MRIconView.m */,
				7FD7ED4D18E77ECD00ABD8FA /* MRNavigationBarProgressView.h */,
				7FD7ED4E18E77ECD00ABD8FA /* MRNavigationBarProgressView.m */,
				7FD7ED4F18E77ECD00ABD8FA /* MRProgressOverlayView.h */,
				7FD7ED5018E77ECD00ABD8FA /* MRProgressOverlayView.m */,
				7FD7ED5118E77ECD00ABD8FA /* MRStopableView.h */,
				7FD7ED5218E77ECD00ABD8FA /* MRStopButton.h */,
				7FD7ED5318E77ECD00ABD8FA /* MRStopButton.m */,
			);
			path = Components;
			sourceTree = "<group>";
		};
		7FD7ED5518E77ECD00ABD8FA /* Utils */ = {
			isa = PBXGroup;
			children = (
				7FD7ED5618E77ECD00ABD8FA /* MRMessageInterceptor.h */,
				7FD7ED5718E77ECD00ABD8FA /* MRMessageInterceptor.m */,
				7FD7ED5818E77ECD00ABD8FA /* MRProgressHelper.h */,
				7FD7ED5918E77ECD00ABD8FA /* MRWeakProxy.h */,
				7FD7ED5A18E77ECD00ABD8FA /* MRWeakProxy.m */,
			);
			path = Utils;
			sourceTree = "<group>";
		};
		7FDB571418E6480E00C8ECD8 = {
			isa = PBXGroup;
			children = (
				7FDB572618E6480E00C8ECD8 /* iosUdemyFeeder */,
				7FDB574518E6480E00C8ECD8 /* iosUdemyFeederTests */,
				7FDB571F18E6480E00C8ECD8 /* Frameworks */,
				7FDB571E18E6480E00C8ECD8 /* Products */,
			);
			sourceTree = "<group>";
		};
		7FDB571E18E6480E00C8ECD8 /* Products */ = {
			isa = PBXGroup;
			children = (
				7FDB571D18E6480E00C8ECD8 /* iosUdemyFeeder.app */,
				7FDB573E18E6480E00C8ECD8 /* iosUdemyFeederTests.xctest */,
			);
			name = Products;
			sourceTree = "<group>";
		};
		7FDB571F18E6480E00C8ECD8 /* Frameworks */ = {
			isa = PBXGroup;
			children = (
				7FD7ED6A18E7AC9400ABD8FA /* Security.framework */,
				7FD7ED4018E77ECD00ABD8FA /* Progress */,
				7FDB572018E6480E00C8ECD8 /* Foundation.framework */,
				7FDB572218E6480E00C8ECD8 /* CoreGraphics.framework */,
				7FDB572418E6480E00C8ECD8 /* UIKit.framework */,
				7FDB573F18E6480E00C8ECD8 /* XCTest.framework */,
			);
			name = Frameworks;
			sourceTree = "<group>";
		};
		7FDB572618E6480E00C8ECD8 /* iosUdemyFeeder */ = {
			isa = PBXGroup;
			children = (
				7FD7ED7218E7CCE400ABD8FA /* JNKeychain.h */,
				7FD7ED7318E7CCE400ABD8FA /* JNKeychain.m */,
				7FDB572F18E6480E00C8ECD8 /* MARAppDelegate.h */,
				7FDB573018E6480E00C8ECD8 /* MARAppDelegate.m */,
				7FDB573218E6480E00C8ECD8 /* Main.storyboard */,
				7FDB573518E6480E00C8ECD8 /* MARViewController.h */,
				7FDB573618E6480E00C8ECD8 /* MARViewController.m */,
				7FD7ED7818E8F5DC00ABD8FA /* FeederTableViewController.h */,
				7FD7ED7918E8F5DC00ABD8FA /* FeederTableViewController.m */,
				7FD7ED6718E786B700ABD8FA /* NSObject+PerformDelay.h */,
				7FD7ED6818E786B700ABD8FA /* NSObject+PerformDelay.m */,
				7FDB573818E6480E00C8ECD8 /* Images.xcassets */,
				7FDB572718E6480E00C8ECD8 /* Supporting Files */,
			);
			path = iosUdemyFeeder;
			sourceTree = "<group>";
		};
		7FDB572718E6480E00C8ECD8 /* Supporting Files */ = {
			isa = PBXGroup;
			children = (
				7FDB572818E6480E00C8ECD8 /* iosUdemyFeeder-Info.plist */,
				7FDB572918E6480E00C8ECD8 /* InfoPlist.strings */,
				7FDB572C18E6480E00C8ECD8 /* main.m */,
				7FDB572E18E6480E00C8ECD8 /* iosUdemyFeeder-Prefix.pch */,
			);
			name = "Supporting Files";
			sourceTree = "<group>";
		};
		7FDB574518E6480E00C8ECD8 /* iosUdemyFeederTests */ = {
			isa = PBXGroup;
			children = (
				7FDB574B18E6480E00C8ECD8 /* iosUdemyFeederTests.m */,
				7FDB574618E6480E00C8ECD8 /* Supporting Files */,
			);
			path = iosUdemyFeederTests;
			sourceTree = "<group>";
		};
		7FDB574618E6480E00C8ECD8 /* Supporting Files */ = {
			isa = PBXGroup;
			children = (
				7FDB574718E6480E00C8ECD8 /* iosUdemyFeederTests-Info.plist */,
				7FDB574818E6480E00C8ECD8 /* InfoPlist.strings */,
			);
			name = "Supporting Files";
			sourceTree = "<group>";
		};
/* End PBXGroup section */

/* Begin PBXNativeTarget section */
		7FDB571C18E6480E00C8ECD8 /* iosUdemyFeeder */ = {
			isa = PBXNativeTarget;
			buildConfigurationList = 7FDB574F18E6480E00C8ECD8 /* Build configuration list for PBXNativeTarget "iosUdemyFeeder" */;
			buildPhases = (
				7FDB571918E6480E00C8ECD8 /* Sources */,
				7FDB571A18E6480E00C8ECD8 /* Frameworks */,
				7FDB571B18E6480E00C8ECD8 /* Resources */,
			);
			buildRules = (
			);
			dependencies = (
			);
			name = iosUdemyFeeder;
			productName = iosUdemyFeeder;
			productReference = 7FDB571D18E6480E00C8ECD8 /* iosUdemyFeeder.app */;
			productType = "com.apple.product-type.application";
		};
		7FDB573D18E6480E00C8ECD8 /* iosUdemyFeederTests */ = {
			isa = PBXNativeTarget;
			buildConfigurationList = 7FDB575218E6480E00C8ECD8 /* Build configuration list for PBXNativeTarget "iosUdemyFeederTests" */;
			buildPhases = (
				7FDB573A18E6480E00C8ECD8 /* Sources */,
				7FDB573B18E6480E00C8ECD8 /* Frameworks */,
				7FDB573C18E6480E00C8ECD8 /* Resources */,
			);
			buildRules = (
			);
			dependencies = (
				7FDB574418E6480E00C8ECD8 /* PBXTargetDependency */,
			);
			name = iosUdemyFeederTests;
			productName = iosUdemyFeederTests;
			productReference = 7FDB573E18E6480E00C8ECD8 /* iosUdemyFeederTests.xctest */;
			productType = "com.apple.product-type.bundle.unit-test";
		};
/* End PBXNativeTarget section */

/* Begin PBXProject section */
		7FDB571518E6480E00C8ECD8 /* Project object */ = {
			isa = PBXProject;
			attributes = {
				CLASSPREFIX = MAR;
				LastUpgradeCheck = 0510;
				ORGANIZATIONNAME = geekster.io;
				TargetAttributes = {
					7FDB571C18E6480E00C8ECD8 = {
						DevelopmentTeam = V334MA3WQ7;
					};
					7FDB573D18E6480E00C8ECD8 = {
						TestTargetID = 7FDB571C18E6480E00C8ECD8;
					};
				};
			};
			buildConfigurationList = 7FDB571818E6480E00C8ECD8 /* Build configuration list for PBXProject "iosUdemyFeeder" */;
			compatibilityVersion = "Xcode 3.2";
			developmentRegion = English;
			hasScannedForEncodings = 0;
			knownRegions = (
				en,
				Base,
			);
			mainGroup = 7FDB571418E6480E00C8ECD8;
			productRefGroup = 7FDB571E18E6480E00C8ECD8 /* Products */;
			projectDirPath = "";
			projectRoot = "";
			targets = (
				7FDB571C18E6480E00C8ECD8 /* iosUdemyFeeder */,
				7FDB573D18E6480E00C8ECD8 /* iosUdemyFeederTests */,
			);
		};
/* End PBXProject section */

/* Begin PBXResourcesBuildPhase section */
		7FDB571B18E6480E00C8ECD8 /* Resources */ = {
			isa = PBXResourcesBuildPhase;
			buildActionMask = 2147483647;
			files = (
				7FDB573918E6480E00C8ECD8 /* Images.xcassets in Resources */,
				7FDB572B18E6480E00C8ECD8 /* InfoPlist.strings in Resources */,
				7FDB573418E6480E00C8ECD8 /* Main.storyboard in Resources */,
			);
			runOnlyForDeploymentPostprocessing = 0;
		};
		7FDB573C18E6480E00C8ECD8 /* Resources */ = {
			isa = PBXResourcesBuildPhase;
			buildActionMask = 2147483647;
			files = (
				7FDB574A18E6480E00C8ECD8 /* InfoPlist.strings in Resources */,
			);
			runOnlyForDeploymentPostprocessing = 0;
		};
/* End PBXResourcesBuildPhase section */

/* Begin PBXSourcesBuildPhase section */
		7FDB571918E6480E00C8ECD8 /* Sources */ = {
			isa = PBXSourcesBuildPhase;
			buildActionMask = 2147483647;
			files = (
				7FD7ED7418E7CCE400ABD8FA /* JNKeychain.m in Sources */,
				7FD7ED6118E77ECD00ABD8FA /* MRProgressOverlayView.m in Sources */,
				7FD7ED6318E77ECD00ABD8FA /* MRMessageInterceptor.m in Sources */,
				7FDB572D18E6480E00C8ECD8 /* main.m in Sources */,
				7FD7ED5D18E77ECD00ABD8FA /* MRActivityIndicatorView.m in Sources */,
				7FDB573118E6480E00C8ECD8 /* MARAppDelegate.m in Sources */,
				7FD7ED6918E786B700ABD8FA /* NSObject+PerformDelay.m in Sources */,
				7FDB573718E6480E00C8ECD8 /* MARViewController.m in Sources */,
				7FD7ED7A18E8F5DC00ABD8FA /* FeederTableViewController.m in Sources */,
				7FD7ED6218E77ECD00ABD8FA /* MRStopButton.m in Sources */,
				7FD7ED5B18E77ECD00ABD8FA /* MRBlurView.m in Sources */,
				7FD7ED5C18E77ECD00ABD8FA /* UIImage+MRImageEffects.m in Sources */,
				7FD7ED5F18E77ECD00ABD8FA /* MRIconView.m in Sources */,
				7FD7ED6418E77ECD00ABD8FA /* MRWeakProxy.m in Sources */,
				7FD7ED6018E77ECD00ABD8FA /* MRNavigationBarProgressView.m in Sources */,
				7FD7ED5E18E77ECD00ABD8FA /* MRCircularProgressView.m in Sources */,
			);
			runOnlyForDeploymentPostprocessing = 0;
		};
		7FDB573A18E6480E00C8ECD8 /* Sources */ = {
			isa = PBXSourcesBuildPhase;
			buildActionMask = 2147483647;
			files = (
				7FDB574C18E6480E00C8ECD8 /* iosUdemyFeederTests.m in Sources */,
			);
			runOnlyForDeploymentPostprocessing = 0;
		};
/* End PBXSourcesBuildPhase section */

/* Begin PBXTargetDependency section */
		7FDB574418E6480E00C8ECD8 /* PBXTargetDependency */ = {
			isa = PBXTargetDependency;
			target = 7FDB571C18E6480E00C8ECD8 /* iosUdemyFeeder */;
			targetProxy = 7FDB574318E6480E00C8ECD8 /* PBXContainerItemProxy */;
		};
/* End PBXTargetDependency section */

/* Begin PBXVariantGroup section */
		7FDB572918E6480E00C8ECD8 /* InfoPlist.strings */ = {
			isa = PBXVariantGroup;
			children = (
				7FDB572A18E6480E00C8ECD8 /* en */,
			);
			name = InfoPlist.strings;
			sourceTree = "<group>";
		};
		7FDB573218E6480E00C8ECD8 /* Main.storyboard */ = {
			isa = PBXVariantGroup;
			children = (
				7FDB573318E6480E00C8ECD8 /* Base */,
			);
			name = Main.storyboard;
			sourceTree = "<group>";
		};
		7FDB574818E6480E00C8ECD8 /* InfoPlist.strings */ = {
			isa = PBXVariantGroup;
			children = (
				7FDB574918E6480E00C8ECD8 /* en */,
			);
			name = InfoPlist.strings;
			sourceTree = "<group>";
		};
/* End PBXVariantGroup section */

/* Begin XCBuildConfiguration section */
		7FDB574D18E6480E00C8ECD8 /* Debug */ = {
			isa = XCBuildConfiguration;
			buildSettings = {
				ALWAYS_SEARCH_USER_PATHS = NO;
				CLANG_CXX_LANGUAGE_STANDARD = "gnu++0x";
				CLANG_CXX_LIBRARY = "libc++";
				CLANG_ENABLE_MODULES = YES;
				CLANG_ENABLE_OBJC_ARC = YES;
				CLANG_WARN_BOOL_CONVERSION = YES;
				CLANG_WARN_CONSTANT_CONVERSION = YES;
				CLANG_WARN_DIRECT_OBJC_ISA_USAGE = YES_ERROR;
				CLANG_WARN_EMPTY_BODY = YES;
				CLANG_WARN_ENUM_CONVERSION = YES;
				CLANG_WARN_INT_CONVERSION = YES;
				CLANG_WARN_OBJC_ROOT_CLASS = YES_ERROR;
				CLANG_WARN__DUPLICATE_METHOD_MATCH = YES;
				"CODE_SIGN_IDENTITY[sdk=iphoneos*]" = "iPhone Developer";
				COPY_PHASE_STRIP = NO;
				GCC_C_LANGUAGE_STANDARD = gnu99;
				GCC_DYNAMIC_NO_PIC = NO;
				GCC_OPTIMIZATION_LEVEL = 0;
				GCC_PREPROCESSOR_DEFINITIONS = (
					"DEBUG=1",
					"$(inherited)",
				);
				GCC_SYMBOLS_PRIVATE_EXTERN = NO;
				GCC_WARN_64_TO_32_BIT_CONVERSION = YES;
				GCC_WARN_ABOUT_RETURN_TYPE = YES_ERROR;
				GCC_WARN_UNDECLARED_SELECTOR = YES;
				GCC_WARN_UNINITIALIZED_AUTOS = YES_AGGRESSIVE;
				GCC_WARN_UNUSED_FUNCTION = YES;
				GCC_WARN_UNUSED_VARIABLE = YES;
				IPHONEOS_DEPLOYMENT_TARGET = 7.1;
				ONLY_ACTIVE_ARCH = YES;
				SDKROOT = iphoneos;
			};
			name = Debug;
		};
		7FDB574E18E6480E00C8ECD8 /* Release */ = {
			isa = XCBuildConfiguration;
			buildSettings = {
				ALWAYS_SEARCH_USER_PATHS = NO;
				CLANG_CXX_LANGUAGE_STANDARD = "gnu++0x";
				CLANG_CXX_LIBRARY = "libc++";
				CLANG_ENABLE_MODULES = YES;
				CLANG_ENABLE_OBJC_ARC = YES;
				CLANG_WARN_BOOL_CONVERSION = YES;
				CLANG_WARN_CONSTANT_CONVERSION = YES;
				CLANG_WARN_DIRECT_OBJC_ISA_USAGE = YES_ERROR;
				CLANG_WARN_EMPTY_BODY = YES;
				CLANG_WARN_ENUM_CONVERSION = YES;
				CLANG_WARN_INT_CONVERSION = YES;
				CLANG_WARN_OBJC_ROOT_CLASS = YES_ERROR;
				CLANG_WARN__DUPLICATE_METHOD_MATCH = YES;
				"CODE_SIGN_IDENTITY[sdk=iphoneos*]" = "iPhone Developer";
				COPY_PHASE_STRIP = YES;
				ENABLE_NS_ASSERTIONS = NO;
				GCC_C_LANGUAGE_STANDARD = gnu99;
				GCC_WARN_64_TO_32_BIT_CONVERSION = YES;
				GCC_WARN_ABOUT_RETURN_TYPE = YES_ERROR;
				GCC_WARN_UNDECLARED_SELECTOR = YES;
				GCC_WARN_UNINITIALIZED_AUTOS = YES_AGGRESSIVE;
				GCC_WARN_UNUSED_FUNCTION = YES;
				GCC_WARN_UNUSED_VARIABLE = YES;
				IPHONEOS_DEPLOYMENT_TARGET = 7.1;
				SDKROOT = iphoneos;
				VALIDATE_PRODUCT = YES;
			};
			name = Release;
		};
		7FDB575018E6480E00C8ECD8 /* Debug */ = {
			isa = XCBuildConfiguration;
			buildSettings = {
				ASSETCATALOG_COMPILER_APPICON_NAME = AppIcon;
				ASSETCATALOG_COMPILER_LAUNCHIMAGE_NAME = LaunchImage;
				CODE_SIGN_IDENTITY = "iPhone Developer";
				"CODE_SIGN_IDENTITY[sdk=iphoneos*]" = "iPhone Developer";
				GCC_PRECOMPILE_PREFIX_HEADER = YES;
				GCC_PREFIX_HEADER = "iosUdemyFeeder/iosUdemyFeeder-Prefix.pch";
				INFOPLIST_FILE = "iosUdemyFeeder/iosUdemyFeeder-Info.plist";
				PRODUCT_NAME = "$(TARGET_NAME)";
				PROVISIONING_PROFILE = "";
				WRAPPER_EXTENSION = app;
			};
			name = Debug;
		};
		7FDB575118E6480E00C8ECD8 /* Release */ = {
			isa = XCBuildConfiguration;
			buildSettings = {
				ASSETCATALOG_COMPILER_APPICON_NAME = AppIcon;
				ASSETCATALOG_COMPILER_LAUNCHIMAGE_NAME = LaunchImage;
				CODE_SIGN_IDENTITY = "iPhone Developer";
				"CODE_SIGN_IDENTITY[sdk=iphoneos*]" = "iPhone Developer";
				GCC_PRECOMPILE_PREFIX_HEADER = YES;
				GCC_PREFIX_HEADER = "iosUdemyFeeder/iosUdemyFeeder-Prefix.pch";
				INFOPLIST_FILE = "iosUdemyFeeder/iosUdemyFeeder-Info.plist";
				PRODUCT_NAME = "$(TARGET_NAME)";
				PROVISIONING_PROFILE = "";
				WRAPPER_EXTENSION = app;
			};
			name = Release;
		};
		7FDB575318E6480E00C8ECD8 /* Debug */ = {
			isa = XCBuildConfiguration;
			buildSettings = {
				BUNDLE_LOADER = "$(BUILT_PRODUCTS_DIR)/iosUdemyFeeder.app/iosUdemyFeeder";
				FRAMEWORK_SEARCH_PATHS = (
					"$(SDKROOT)/Developer/Library/Frameworks",
					"$(inherited)",
					"$(DEVELOPER_FRAMEWORKS_DIR)",
				);
				GCC_PRECOMPILE_PREFIX_HEADER = YES;
				GCC_PREFIX_HEADER = "iosUdemyFeeder/iosUdemyFeeder-Prefix.pch";
				GCC_PREPROCESSOR_DEFINITIONS = (
					"DEBUG=1",
					"$(inherited)",
				);
				INFOPLIST_FILE = "iosUdemyFeederTests/iosUdemyFeederTests-Info.plist";
				PRODUCT_NAME = "$(TARGET_NAME)";
				TEST_HOST = "$(BUNDLE_LOADER)";
				WRAPPER_EXTENSION = xctest;
			};
			name = Debug;
		};
		7FDB575418E6480E00C8ECD8 /* Release */ = {
			isa = XCBuildConfiguration;
			buildSettings = {
				BUNDLE_LOADER = "$(BUILT_PRODUCTS_DIR)/iosUdemyFeeder.app/iosUdemyFeeder";
				FRAMEWORK_SEARCH_PATHS = (
					"$(SDKROOT)/Developer/Library/Frameworks",
					"$(inherited)",
					"$(DEVELOPER_FRAMEWORKS_DIR)",
				);
				GCC_PRECOMPILE_PREFIX_HEADER = YES;
				GCC_PREFIX_HEADER = "iosUdemyFeeder/iosUdemyFeeder-Prefix.pch";
				INFOPLIST_FILE = "iosUdemyFeederTests/iosUdemyFeederTests-Info.plist";
				PRODUCT_NAME = "$(TARGET_NAME)";
				TEST_HOST = "$(BUNDLE_LOADER)";
				WRAPPER_EXTENSION = xctest;
			};
			name = Release;
		};
/* End XCBuildConfiguration section */

/* Begin XCConfigurationList section */
		7FDB571818E6480E00C8ECD8 /* Build configuration list for PBXProject "iosUdemyFeeder" */ = {
			isa = XCConfigurationList;
			buildConfigurations = (
				7FDB574D18E6480E00C8ECD8 /* Debug */,
				7FDB574E18E6480E00C8ECD8 /* Release */,
			);
			defaultConfigurationIsVisible = 0;
			defaultConfigurationName = Release;
		};
		7FDB574F18E6480E00C8ECD8 /* Build configuration list for PBXNativeTarget "iosUdemyFeeder" */ = {
			isa = XCConfigurationList;
			buildConfigurations = (
				7FDB575018E6480E00C8ECD8 /* Debug */,
				7FDB575118E6480E00C8ECD8 /* Release */,
			);
			defaultConfigurationIsVisible = 0;
			defaultConfigurationName = Release;
		};
		7FDB575218E6480E00C8ECD8 /* Build configuration list for PBXNativeTarget "iosUdemyFeederTests" */ = {
			isa = XCConfigurationList;
			buildConfigurations = (
				7FDB575318E6480E00C8ECD8 /* Debug */,
				7FDB575418E6480E00C8ECD8 /* Release */,
			);
			defaultConfigurationIsVisible = 0;
			defaultConfigurationName = Release;
		};
/* End XCConfigurationList section */
	};
	rootObject = 7FDB571518E6480E00C8ECD8 /* Project object */;
}
